
Microsoft Visual Studio Solution File, Format Version 12.00
# Visual Studio Version 17
VisualStudioVersion = 17.0.31919.166
MinimumVisualStudioVersion = 10.0.40219.1
Project("{888888A0-9F3D-457C-B088-3A5042F75D52}") = "Hcaton_tg_bot", "E:\Hcaton_tg_bot\Hcaton_tg_bot\Hcaton_tg_bot.pyproj", "{0D16584E-2BD1-4C7F-8AC9-D1DFDA9F7809}"
EndProject
Global
	GlobalSection(SolutionConfigurationPlatforms) = preSolution
		Debug|Any CPU = Debug|Any CPU
		Release|Any CPU = Release|Any CPU
	EndGlobalSection
	GlobalSection(ProjectConfigurationPlatforms) = postSolution
		{0D16584E-2BD1-4C7F-8AC9-D1DFDA9F7809}.Debug|Any CPU.ActiveCfg = Debug|Any CPU
		{0D16584E-2BD1-4C7F-8AC9-D1DFDA9F7809}.Debug|Any CPU.Build.0 = Debug|Any CPU
		{0D16584E-2BD1-4C7F-8AC9-D1DFDA9F7809}.Release|Any CPU.ActiveCfg = Release|Any CPU
		{0D16584E-2BD1-4C7F-8AC9-D1DFDA9F7809}.Release|Any CPU.Build.0 = Release|Any CPU
	EndGlobalSection
	GlobalSection(SolutionProperties) = preSolution
		HideSolutionNode = FALSE
	EndGlobalSection
	GlobalSection(ExtensibilityGlobals) = postSolution
		SolutionGuid = {8C59DB5B-82D6-4951-B19C-DCE91B67F4F1}
	EndGlobalSection
EndGlobal
